
Microsoft Visual Studio Solution File, Format Version 12.00
# Visual Studio Version 16
VisualStudioVersion = 16.0.30621.155
MinimumVisualStudioVersion = 10.0.40219.1
Project("{2150E333-8FDC-42A3-9474-1A3956D46DE8}") = "src", "src", "{71A96D78-D49C-42AE-9CB6-A7D9CB8819F1}"
EndProject
Project("{2150E333-8FDC-42A3-9474-1A3956D46DE8}") = "API", "API", "{41F50B4C-6028-4FAC-BA19-EDFE359FF6A8}"
EndProject
Project("{2150E333-8FDC-42A3-9474-1A3956D46DE8}") = "Data", "Data", "{6D83E5A5-1604-43A4-8125-ED9150BC1D87}"
EndProject
Project("{2150E333-8FDC-42A3-9474-1A3956D46DE8}") = "Domain", "Domain", "{A6E3B241-7A19-440D-90DB-B7B2C330E188}"
EndProject
Project("{9A19103F-16F7-4668-BE54-9A1E7A4F7556}") = "BEDF.API", "src\API\BEDF.API\BEDF.API.csproj", "{A872C470-8789-43BB-BB0D-DC5E68C95478}"
EndProject
Project("{9A19103F-16F7-4668-BE54-9A1E7A4F7556}") = "BEDF.Data", "src\data\BEDF.Data\BEDF.Data.csproj", "{36F71814-A4E2-42B3-9999-F215FC0E5475}"
EndProject
Project("{9A19103F-16F7-4668-BE54-9A1E7A4F7556}") = "BEDF.Domain", "src\domain\BEDF.Domain\BEDF.Domain.csproj", "{5EC5DF0A-A462-4785-8599-818E53B76FDD}"
EndProject
Project("{2150E333-8FDC-42A3-9474-1A3956D46DE8}") = "Services", "Services", "{454147B5-A563-4C0C-9CDE-DE7F395013AB}"
EndProject
Project("{9A19103F-16F7-4668-BE54-9A1E7A4F7556}") = "BEDF.Services", "src\services\BEDF.Services\BEDF.Services.csproj", "{EE853C9F-A375-4202-BF5F-957082D03379}"
EndProject
Global
	GlobalSection(SolutionConfigurationPlatforms) = preSolution
		Debug|Any CPU = Debug|Any CPU
		Release|Any CPU = Release|Any CPU
	EndGlobalSection
	GlobalSection(ProjectConfigurationPlatforms) = postSolution
		{A872C470-8789-43BB-BB0D-DC5E68C95478}.Debug|Any CPU.ActiveCfg = Debug|Any CPU
		{A872C470-8789-43BB-BB0D-DC5E68C95478}.Debug|Any CPU.Build.0 = Debug|Any CPU
		{A872C470-8789-43BB-BB0D-DC5E68C95478}.Release|Any CPU.ActiveCfg = Release|Any CPU
		{A872C470-8789-43BB-BB0D-DC5E68C95478}.Release|Any CPU.Build.0 = Release|Any CPU
		{36F71814-A4E2-42B3-9999-F215FC0E5475}.Debug|Any CPU.ActiveCfg = Debug|Any CPU
		{36F71814-A4E2-42B3-9999-F215FC0E5475}.Debug|Any CPU.Build.0 = Debug|Any CPU
		{36F71814-A4E2-42B3-9999-F215FC0E5475}.Release|Any CPU.ActiveCfg = Release|Any CPU
		{36F71814-A4E2-42B3-9999-F215FC0E5475}.Release|Any CPU.Build.0 = Release|Any CPU
		{5EC5DF0A-A462-4785-8599-818E53B76FDD}.Debug|Any CPU.ActiveCfg = Debug|Any CPU
		{5EC5DF0A-A462-4785-8599-818E53B76FDD}.Debug|Any CPU.Build.0 = Debug|Any CPU
		{5EC5DF0A-A462-4785-8599-818E53B76FDD}.Release|Any CPU.ActiveCfg = Release|Any CPU
		{5EC5DF0A-A462-4785-8599-818E53B76FDD}.Release|Any CPU.Build.0 = Release|Any CPU
		{EE853C9F-A375-4202-BF5F-957082D03379}.Debug|Any CPU.ActiveCfg = Debug|Any CPU
		{EE853C9F-A375-4202-BF5F-957082D03379}.Debug|Any CPU.Build.0 = Debug|Any CPU
		{EE853C9F-A375-4202-BF5F-957082D03379}.Release|Any CPU.ActiveCfg = Release|Any CPU
		{EE853C9F-A375-4202-BF5F-957082D03379}.Release|Any CPU.Build.0 = Release|Any CPU
	EndGlobalSection
	GlobalSection(SolutionProperties) = preSolution
		HideSolutionNode = FALSE
	EndGlobalSection
	GlobalSection(NestedProjects) = preSolution
		{41F50B4C-6028-4FAC-BA19-EDFE359FF6A8} = {71A96D78-D49C-42AE-9CB6-A7D9CB8819F1}
		{6D83E5A5-1604-43A4-8125-ED9150BC1D87} = {71A96D78-D49C-42AE-9CB6-A7D9CB8819F1}
		{A6E3B241-7A19-440D-90DB-B7B2C330E188} = {71A96D78-D49C-42AE-9CB6-A7D9CB8819F1}
		{A872C470-8789-43BB-BB0D-DC5E68C95478} = {41F50B4C-6028-4FAC-BA19-EDFE359FF6A8}
		{36F71814-A4E2-42B3-9999-F215FC0E5475} = {6D83E5A5-1604-43A4-8125-ED9150BC1D87}
		{5EC5DF0A-A462-4785-8599-818E53B76FDD} = {A6E3B241-7A19-440D-90DB-B7B2C330E188}
		{454147B5-A563-4C0C-9CDE-DE7F395013AB} = {71A96D78-D49C-42AE-9CB6-A7D9CB8819F1}
		{EE853C9F-A375-4202-BF5F-957082D03379} = {454147B5-A563-4C0C-9CDE-DE7F395013AB}
	EndGlobalSection
	GlobalSection(ExtensibilityGlobals) = postSolution
		SolutionGuid = {DB7F694A-E881-418F-9D60-09E914A15864}
	EndGlobalSection
EndGlobal
